
Microsoft Visual Studio Solution File, Format Version 12.00
# Visual Studio 15
VisualStudioVersion = 15.0.27004.2008
MinimumVisualStudioVersion = 10.0.40219.1
Project("{D2ABAB84-BF74-430A-B69E-9DC6D40DDA17}") = "fall2018TrevorCarterAnalysisServicesTutorial", "fall2018TrevorCarterAnalysisServicesTutorial\fall2018TrevorCarterAnalysisServicesTutorial.dwproj", "{278336C5-AC0D-4DAB-BF12-3524675BC72A}"
EndProject
Global
	GlobalSection(SolutionConfigurationPlatforms) = preSolution
		Development|Default = Development|Default
	EndGlobalSection
	GlobalSection(ProjectConfigurationPlatforms) = postSolution
		{278336C5-AC0D-4DAB-BF12-3524675BC72A}.Development|Default.ActiveCfg = Development
		{278336C5-AC0D-4DAB-BF12-3524675BC72A}.Development|Default.Build.0 = Development
		{278336C5-AC0D-4DAB-BF12-3524675BC72A}.Development|Default.Deploy.0 = Development
	EndGlobalSection
	GlobalSection(SolutionProperties) = preSolution
		HideSolutionNode = FALSE
	EndGlobalSection
	GlobalSection(ExtensibilityGlobals) = postSolution
		SolutionGuid = {85071F6D-D98A-49CA-8139-1E5487FA183B}
	EndGlobalSection
EndGlobal
